github.com/creack/pty v1.1.9/go.mod h1:oKZEueFk5CKHvIhNR5MUki03XCEU+Q6VDXinZuGJ33E=
github.com/emirpasic/gods v1.18.1 h1:FXtiHYKDGKCW2KzwZKx0iC0PQmdlorYgdFG9jPXJ1Bc=
github.com/emirpasic/gods v1.18.1/go.mod h1:8tpGGwCnJ5H4r6BWwaV6OrWmMoPhUl5jm/FMNAnJvWQ=
github.com/ichinaski/pxl v0.0.0-20170812084744-4206eb59e8eb h1:TXpEkAMms5/LrIxK7/oWpIL7nTnQkTZ/PgTd8+gDRKE=
github.com/ichinaski/pxl v0.0.0-20170812084744-4206eb59e8eb/go.mod h1:VnaNfBzNu71FX4FTeceuF/fOjvdJqh/cH1daHU8CTNw=
github.com/kr/pretty v0.3.1 h1:flRD4NNwYAUpkphVc1HcthR4KEIFJ65n8Mw5qdRn3LE=
github.com/kr/pretty v0.3.1/go.mod h1:hoEshYVHaxMs3cyo3Yncou5ZscifuDolrwPKZanG3xk=
github.com/kr/text v0.2.0 h1:5Nx0Ya0ZqY2ygV366QzturHI13Jq95ApcVaJBhpS+AY=
github.com/kr/text v0.2.0/go.mod h1:eLer722TekiGuMkidMxC/pM04lWEeraHUUmBw8l2grE=
github.com/m1gwings/treedrawer v0.3.3-beta h1:VeeQ4I90+NL0G2Tga3H4EY4hbOyVP3ID4T93r21oLbQ=
github.com/m1gwings/treedrawer v0.3.3-beta/go.mod h1:Sebh5tCtjQWAG/B9xWct163vB9pCbBcA1ykaUErDUTY=
github.com/mattn/go-runewidth v0.0.9 h1:Lm995f3rfxdpd6TSmuVCHVb/QhupuXlYr8sCI/QdE+0=
github.com/mattn/go-runewidth v0.0.9/go.mod h1:H031xJmbD/WCDINGzjvQ9THkh0rPKHF+m2gUSrubnMI=
github.com/nsf/termbox-go v1.1.1 h1:nksUPLCb73Q++DwbYUBEglYBRPZyoXJdrj5L+TkjyZY=
github.com/nsf/termbox-go v1.1.1/go.mod h1:T0cTdVuOwf7pHQNtfhnEbzHbcNyCEcVU4YPpouCbVxo=
github.com/patrickToca/gotree v0.0.0-20140326234641-547a89b4c529 h1:UdcvjKtF/Q6jGerAG4nTW34C+Gb3fxVATD6L6CXRp2g=
github.com/patrickToca/gotree v0.0.0-20140326234641-547a89b4c529/go.mod h1:aauEV7RvtD+mpQcf+Na9Wf+nCrNWcHm4uVPH1F1Uek8=
github.com/pkg/diff v0.0.0-20210226163009-20ebb0f2a09e/go.mod h1:pJLUxLENpZxwdsKMEsNbx1VGcRFpLqf3715MtcvvzbA=
github.com/rogpeppe/go-internal v1.9.0 h1:73kH8U+JUqXU8lRuOHeVHaa/SZPifC7BkcraZVejAe8=
github.com/rogpeppe/go-internal v1.9.0/go.mod h1:WtVeX8xhTBvf0smdhujwtBcq4Qrzq/fJaraNFVN+nFs=
